{
  "object": {
    "pins": [
      {
        "package": "KeychainSwift",
        "repositoryURL": "https://github.com/evgenyneu/keychain-swift.git",
        "state": {
          "branch": null,
          "revision": "96fb84f45a96630e7583903bd7e08cf095c7a7ef",
          "version": "19.0.0"
        }
      },
      {
        "package": "PorscheConnect",
        "repositoryURL": "https://github.com/driven-app/porsche-connect",
        "state": {
          "branch": null,
          "revision": "63fda0f912dd53166e63313cfa4fbd48b5cd681b",
          "version": "0.1.4"
        }
      },
      {
        "package": "swift-argument-parser",
        "repositoryURL": "https://github.com/apple/swift-argument-parser",
        "state": {
          "branch": null,
          "revision": "47bd06ebeff8146ecd0020809e186218b46f465f",
          "version": "0.4.2"
        }
      }
    ]
  },
  "version": 1
}
